
Microsoft Visual Studio Solution File, Format Version 12.00
# Visual Studio Version 17
VisualStudioVersion = 17.3.32922.545
MinimumVisualStudioVersion = 10.0.40219.1
Project("{2150E333-8FDC-42A3-9474-1A3956D46DE8}") = "Geek.Interface", "Geek.Interface", "{893F860D-DB2A-48B0-9BAA-8D656B203027}"
EndProject
Project("{2150E333-8FDC-42A3-9474-1A3956D46DE8}") = "Geek.Services", "Geek.Services", "{E6A48639-65DC-4101-A6F8-0843BA039D13}"
EndProject
Project("{FAE04EC0-301F-11D3-BF4B-00C04F79EFBC}") = "GeekShop.Web", "GeekShop.Web\GeekShop.Web.csproj", "{B8181D36-CF31-408C-918B-2C5CEF5F10E9}"
EndProject
Project("{FAE04EC0-301F-11D3-BF4B-00C04F79EFBC}") = "GeekShop.ProductApi", "GeekShop.ProductApi\GeekShop.ProductApi.csproj", "{8B3C1E6F-CE68-422E-A127-23DAA0DCFBA9}"
EndProject
Project("{2150E333-8FDC-42A3-9474-1A3956D46DE8}") = "Geek.Tests", "Geek.Tests", "{78296AD6-02CD-479C-BD0E-7C70D3678895}"
EndProject
Global
	GlobalSection(SolutionConfigurationPlatforms) = preSolution
		Debug|Any CPU = Debug|Any CPU
		Release|Any CPU = Release|Any CPU
	EndGlobalSection
	GlobalSection(ProjectConfigurationPlatforms) = postSolution
		{B8181D36-CF31-408C-918B-2C5CEF5F10E9}.Debug|Any CPU.ActiveCfg = Debug|Any CPU
		{B8181D36-CF31-408C-918B-2C5CEF5F10E9}.Debug|Any CPU.Build.0 = Debug|Any CPU
		{B8181D36-CF31-408C-918B-2C5CEF5F10E9}.Release|Any CPU.ActiveCfg = Release|Any CPU
		{B8181D36-CF31-408C-918B-2C5CEF5F10E9}.Release|Any CPU.Build.0 = Release|Any CPU
		{8B3C1E6F-CE68-422E-A127-23DAA0DCFBA9}.Debug|Any CPU.ActiveCfg = Debug|Any CPU
		{8B3C1E6F-CE68-422E-A127-23DAA0DCFBA9}.Debug|Any CPU.Build.0 = Debug|Any CPU
		{8B3C1E6F-CE68-422E-A127-23DAA0DCFBA9}.Release|Any CPU.ActiveCfg = Release|Any CPU
		{8B3C1E6F-CE68-422E-A127-23DAA0DCFBA9}.Release|Any CPU.Build.0 = Release|Any CPU
	EndGlobalSection
	GlobalSection(SolutionProperties) = preSolution
		HideSolutionNode = FALSE
	EndGlobalSection
	GlobalSection(NestedProjects) = preSolution
		{B8181D36-CF31-408C-918B-2C5CEF5F10E9} = {893F860D-DB2A-48B0-9BAA-8D656B203027}
		{8B3C1E6F-CE68-422E-A127-23DAA0DCFBA9} = {E6A48639-65DC-4101-A6F8-0843BA039D13}
	EndGlobalSection
	GlobalSection(ExtensibilityGlobals) = postSolution
		SolutionGuid = {2CC2154E-21A7-475F-94BF-0CDFB4F0AFC6}
	EndGlobalSection
EndGlobal
